
Microsoft Visual Studio Solution File, Format Version 12.00
# Visual Studio 14
VisualStudioVersion = 14.0.25420.1
MinimumVisualStudioVersion = 10.0.40219.1
Project("{FAE04EC0-301F-11D3-BF4B-00C04F79EFBC}") = "RiseSharp.Core", "RiseSharp.Core\RiseSharp.Core.csproj", "{FE0E76B4-D3C6-4A72-BE81-2CA1F34DE835}"
EndProject
Project("{FAE04EC0-301F-11D3-BF4B-00C04F79EFBC}") = "Chaos.NaCl.PCL", "Chaos.NaCl.PCL\Chaos.NaCl.PCL.csproj", "{56A46349-EF5A-48AC-A6F0-CA00319F6014}"
EndProject
Project("{FAE04EC0-301F-11D3-BF4B-00C04F79EFBC}") = "RiseSharp.Tests", "RiseSharp.Tests\RiseSharp.Tests.csproj", "{4043C7C1-D381-4B94-B1DC-05A2018ED95B}"
EndProject
Project("{FAE04EC0-301F-11D3-BF4B-00C04F79EFBC}") = "RiseSharp.UI.Windows", "RiseSharp.UI.Windows\RiseSharp.UI.Windows.csproj", "{DE96E088-E22A-49F6-B955-4BB32C3C08D3}"
EndProject
Project("{FAE04EC0-301F-11D3-BF4B-00C04F79EFBC}") = "RiseSharp.Mobile.Droid", "RiseSharp.Mobile\RiseSharp.Mobile.Droid\RiseSharp.Mobile.Droid.csproj", "{DDC2EE7A-5851-44FB-8938-F307C22CB534}"
EndProject
Project("{FAE04EC0-301F-11D3-BF4B-00C04F79EFBC}") = "RiseSharp.Mobile.iOS", "RiseSharp.Mobile\RiseSharp.Mobile.iOS\RiseSharp.Mobile.iOS.csproj", "{92A44E1D-9E2B-4E11-9C2D-613B4374A9BF}"
EndProject
Project("{FAE04EC0-301F-11D3-BF4B-00C04F79EFBC}") = "RiseSharp.Mobile.WinPhone", "RiseSharp.Mobile\RiseSharp.Mobile.WinPhone\RiseSharp.Mobile.WinPhone.csproj", "{D80D3183-D82E-4B97-B80E-97F140A8AA37}"
EndProject
Project("{FAE04EC0-301F-11D3-BF4B-00C04F79EFBC}") = "RiseSharp.Mobile.UWP", "RiseSharp.Mobile\RiseSharp.Mobile.UWP\RiseSharp.Mobile.UWP.csproj", "{87125FF1-9742-468D-A5D0-29744D491B4B}"
EndProject
Project("{FAE04EC0-301F-11D3-BF4B-00C04F79EFBC}") = "RiseSharp.Mobile.Windows", "RiseSharp.Mobile\RiseSharp.Mobile.Windows\RiseSharp.Mobile.Windows.csproj", "{0B7DA28A-4E41-4701-A4CB-40C03550AB07}"
EndProject
Project("{FAE04EC0-301F-11D3-BF4B-00C04F79EFBC}") = "RiseSharp.Mobile", "RiseSharp.Mobile\RiseSharp.Mobile\RiseSharp.Mobile.csproj", "{070C150E-602C-4F89-BED6-D8773CCA6B17}"
EndProject
Global
	GlobalSection(SolutionConfigurationPlatforms) = preSolution
		Ad-Hoc|Any CPU = Ad-Hoc|Any CPU
		Ad-Hoc|ARM = Ad-Hoc|ARM
		Ad-Hoc|iPhone = Ad-Hoc|iPhone
		Ad-Hoc|iPhoneSimulator = Ad-Hoc|iPhoneSimulator
		Ad-Hoc|x64 = Ad-Hoc|x64
		Ad-Hoc|x86 = Ad-Hoc|x86
		AppStore|Any CPU = AppStore|Any CPU
		AppStore|ARM = AppStore|ARM
		AppStore|iPhone = AppStore|iPhone
		AppStore|iPhoneSimulator = AppStore|iPhoneSimulator
		AppStore|x64 = AppStore|x64
		AppStore|x86 = AppStore|x86
		Debug|Any CPU = Debug|Any CPU
		Debug|ARM = Debug|ARM
		Debug|iPhone = Debug|iPhone
		Debug|iPhoneSimulator = Debug|iPhoneSimulator
		Debug|x64 = Debug|x64
		Debug|x86 = Debug|x86
		Release|Any CPU = Release|Any CPU
		Release|ARM = Release|ARM
		Release|iPhone = Release|iPhone
		Release|iPhoneSimulator = Release|iPhoneSimulator
		Release|x64 = Release|x64
		Release|x86 = Release|x86
	EndGlobalSection
	GlobalSection(ProjectConfigurationPlatforms) = postSolution
		{FE0E76B4-D3C6-4A72-BE81-2CA1F34DE835}.Ad-Hoc|Any CPU.ActiveCfg = Release|Any CPU
		{FE0E76B4-D3C6-4A72-BE81-2CA1F34DE835}.Ad-Hoc|Any CPU.Build.0 = Release|Any CPU
		{FE0E76B4-D3C6-4A72-BE81-2CA1F34DE835}.Ad-Hoc|ARM.ActiveCfg = Release|Any CPU
		{FE0E76B4-D3C6-4A72-BE81-2CA1F34DE835}.Ad-Hoc|ARM.Build.0 = Release|Any CPU
		{FE0E76B4-D3C6-4A72-BE81-2CA1F34DE835}.Ad-Hoc|iPhone.ActiveCfg = Release|Any CPU
		{FE0E76B4-D3C6-4A72-BE81-2CA1F34DE835}.Ad-Hoc|iPhone.Build.0 = Release|Any CPU
		{FE0E76B4-D3C6-4A72-BE81-2CA1F34DE835}.Ad-Hoc|iPhoneSimulator.ActiveCfg = Release|Any CPU
		{FE0E76B4-D3C6-4A72-BE81-2CA1F34DE835}.Ad-Hoc|iPhoneSimulator.Build.0 = Release|Any CPU
		{FE0E76B4-D3C6-4A72-BE81-2CA1F34DE835}.Ad-Hoc|x64.ActiveCfg = Release|Any CPU
		{FE0E76B4-D3C6-4A72-BE81-2CA1F34DE835}.Ad-Hoc|x64.Build.0 = Release|Any CPU
		{FE0E76B4-D3C6-4A72-BE81-2CA1F34DE835}.Ad-Hoc|x86.ActiveCfg = Release|Any CPU
		{FE0E76B4-D3C6-4A72-BE81-2CA1F34DE835}.Ad-Hoc|x86.Build.0 = Release|Any CPU
		{FE0E76B4-D3C6-4A72-BE81-2CA1F34DE835}.AppStore|Any CPU.ActiveCfg = Release|Any CPU
		{FE0E76B4-D3C6-4A72-BE81-2CA1F34DE835}.AppStore|Any CPU.Build.0 = Release|Any CPU
		{FE0E76B4-D3C6-4A72-BE81-2CA1F34DE835}.AppStore|ARM.ActiveCfg = Release|Any CPU
		{FE0E76B4-D3C6-4A72-BE81-2CA1F34DE835}.AppStore|ARM.Build.0 = Release|Any CPU
		{FE0E76B4-D3C6-4A72-BE81-2CA1F34DE835}.AppStore|iPhone.ActiveCfg = Release|Any CPU
		{FE0E76B4-D3C6-4A72-BE81-2CA1F34DE835}.AppStore|iPhone.Build.0 = Release|Any CPU
		{FE0E76B4-D3C6-4A72-BE81-2CA1F34DE835}.AppStore|iPhoneSimulator.ActiveCfg = Release|Any CPU
		{FE0E76B4-D3C6-4A72-BE81-2CA1F34DE835}.AppStore|iPhoneSimulator.Build.0 = Release|Any CPU
		{FE0E76B4-D3C6-4A72-BE81-2CA1F34DE835}.AppStore|x64.ActiveCfg = Release|Any CPU
		{FE0E76B4-D3C6-4A72-BE81-2CA1F34DE835}.AppStore|x64.Build.0 = Release|Any CPU
		{FE0E76B4-D3C6-4A72-BE81-2CA1F34DE835}.AppStore|x86.ActiveCfg = Release|Any CPU
		{FE0E76B4-D3C6-4A72-BE81-2CA1F34DE835}.AppStore|x86.Build.0 = Release|Any CPU
		{FE0E76B4-D3C6-4A72-BE81-2CA1F34DE835}.Debug|Any CPU.ActiveCfg = Debug|Any CPU
		{FE0E76B4-D3C6-4A72-BE81-2CA1F34DE835}.Debug|Any CPU.Build.0 = Debug|Any CPU
		{FE0E76B4-D3C6-4A72-BE81-2CA1F34DE835}.Debug|ARM.ActiveCfg = Debug|Any CPU
		{FE0E76B4-D3C6-4A72-BE81-2CA1F34DE835}.Debug|ARM.Build.0 = Debug|Any CPU
		{FE0E76B4-D3C6-4A72-BE81-2CA1F34DE835}.Debug|iPhone.ActiveCfg = Debug|Any CPU
		{FE0E76B4-D3C6-4A72-BE81-2CA1F34DE835}.Debug|iPhone.Build.0 = Debug|Any CPU
		{FE0E76B4-D3C6-4A72-BE81-2CA1F34DE835}.Debug|iPhoneSimulator.ActiveCfg = Debug|Any CPU
		{FE0E76B4-D3C6-4A72-BE81-2CA1F34DE835}.Debug|iPhoneSimulator.Build.0 = Debug|Any CPU
		{FE0E76B4-D3C6-4A72-BE81-2CA1F34DE835}.Debug|x64.ActiveCfg = Debug|Any CPU
		{FE0E76B4-D3C6-4A72-BE81-2CA1F34DE835}.Debug|x64.Build.0 = Debug|Any CPU
		{FE0E76B4-D3C6-4A72-BE81-2CA1F34DE835}.Debug|x86.ActiveCfg = Debug|Any CPU
		{FE0E76B4-D3C6-4A72-BE81-2CA1F34DE835}.Debug|x86.Build.0 = Debug|Any CPU
		{FE0E76B4-D3C6-4A72-BE81-2CA1F34DE835}.Release|Any CPU.ActiveCfg = Release|Any CPU
		{FE0E76B4-D3C6-4A72-BE81-2CA1F34DE835}.Release|Any CPU.Build.0 = Release|Any CPU
		{FE0E76B4-D3C6-4A72-BE81-2CA1F34DE835}.Release|ARM.ActiveCfg = Release|Any CPU
		{FE0E76B4-D3C6-4A72-BE81-2CA1F34DE835}.Release|ARM.Build.0 = Release|Any CPU
		{FE0E76B4-D3C6-4A72-BE81-2CA1F34DE835}.Release|iPhone.ActiveCfg = Release|Any CPU
		{FE0E76B4-D3C6-4A72-BE81-2CA1F34DE835}.Release|iPhone.Build.0 = Release|Any CPU
		{FE0E76B4-D3C6-4A72-BE81-2CA1F34DE835}.Release|iPhoneSimulator.ActiveCfg = Release|Any CPU
		{FE0E76B4-D3C6-4A72-BE81-2CA1F34DE835}.Release|iPhoneSimulator.Build.0 = Release|Any CPU
		{FE0E76B4-D3C6-4A72-BE81-2CA1F34DE835}.Release|x64.ActiveCfg = Release|Any CPU
		{FE0E76B4-D3C6-4A72-BE81-2CA1F34DE835}.Release|x64.Build.0 = Release|Any CPU
		{FE0E76B4-D3C6-4A72-BE81-2CA1F34DE835}.Release|x86.ActiveCfg = Release|Any CPU
		{FE0E76B4-D3C6-4A72-BE81-2CA1F34DE835}.Release|x86.Build.0 = Release|Any CPU
		{56A46349-EF5A-48AC-A6F0-CA00319F6014}.Ad-Hoc|Any CPU.ActiveCfg = Release|Any CPU
		{56A46349-EF5A-48AC-A6F0-CA00319F6014}.Ad-Hoc|Any CPU.Build.0 = Release|Any CPU
		{56A46349-EF5A-48AC-A6F0-CA00319F6014}.Ad-Hoc|ARM.ActiveCfg = Release|Any CPU
		{56A46349-EF5A-48AC-A6F0-CA00319F6014}.Ad-Hoc|ARM.Build.0 = Release|Any CPU
		{56A46349-EF5A-48AC-A6F0-CA00319F6014}.Ad-Hoc|iPhone.ActiveCfg = Release|Any CPU
		{56A46349-EF5A-48AC-A6F0-CA00319F6014}.Ad-Hoc|iPhone.Build.0 = Release|Any CPU
		{56A46349-EF5A-48AC-A6F0-CA00319F6014}.Ad-Hoc|iPhoneSimulator.ActiveCfg = Release|Any CPU
		{56A46349-EF5A-48AC-A6F0-CA00319F6014}.Ad-Hoc|iPhoneSimulator.Build.0 = Release|Any CPU
		{56A46349-EF5A-48AC-A6F0-CA00319F6014}.Ad-Hoc|x64.ActiveCfg = Release|Any CPU
		{56A46349-EF5A-48AC-A6F0-CA00319F6014}.Ad-Hoc|x64.Build.0 = Release|Any CPU
		{56A46349-EF5A-48AC-A6F0-CA00319F6014}.Ad-Hoc|x86.ActiveCfg = Release|Any CPU
		{56A46349-EF5A-48AC-A6F0-CA00319F6014}.Ad-Hoc|x86.Build.0 = Release|Any CPU
		{56A46349-EF5A-48AC-A6F0-CA00319F6014}.AppStore|Any CPU.ActiveCfg = Release|Any CPU
		{56A46349-EF5A-48AC-A6F0-CA00319F6014}.AppStore|Any CPU.Build.0 = Release|Any CPU
		{56A46349-EF5A-48AC-A6F0-CA00319F6014}.AppStore|ARM.ActiveCfg = Release|Any CPU
		{56A46349-EF5A-48AC-A6F0-CA00319F6014}.AppStore|ARM.Build.0 = Release|Any CPU
		{56A46349-EF5A-48AC-A6F0-CA00319F6014}.AppStore|iPhone.ActiveCfg = Release|Any CPU
		{56A46349-EF5A-48AC-A6F0-CA00319F6014}.AppStore|iPhone.Build.0 = Release|Any CPU
		{56A46349-EF5A-48AC-A6F0-CA00319F6014}.AppStore|iPhoneSimulator.ActiveCfg = Release|Any CPU
		{56A46349-EF5A-48AC-A6F0-CA00319F6014}.AppStore|iPhoneSimulator.Build.0 = Release|Any CPU
		{56A46349-EF5A-48AC-A6F0-CA00319F6014}.AppStore|x64.ActiveCfg = Release|Any CPU
		{56A46349-EF5A-48AC-A6F0-CA00319F6014}.AppStore|x64.Build.0 = Release|Any CPU
		{56A46349-EF5A-48AC-A6F0-CA00319F6014}.AppStore|x86.ActiveCfg = Release|Any CPU
		{56A46349-EF5A-48AC-A6F0-CA00319F6014}.AppStore|x86.Build.0 = Release|Any CPU
		{56A46349-EF5A-48AC-A6F0-CA00319F6014}.Debug|Any CPU.ActiveCfg = Debug|Any CPU
		{56A46349-EF5A-48AC-A6F0-CA00319F6014}.Debug|Any CPU.Build.0 = Debug|Any CPU
		{56A46349-EF5A-48AC-A6F0-CA00319F6014}.Debug|ARM.ActiveCfg = Debug|Any CPU
		{56A46349-EF5A-48AC-A6F0-CA00319F6014}.Debug|ARM.Build.0 = Debug|Any CPU
		{56A46349-EF5A-48AC-A6F0-CA00319F6014}.Debug|iPhone.ActiveCfg = Debug|Any CPU
		{56A46349-EF5A-48AC-A6F0-CA00319F6014}.Debug|iPhone.Build.0 = Debug|Any CPU
		{56A46349-EF5A-48AC-A6F0-CA00319F6014}.Debug|iPhoneSimulator.ActiveCfg = Debug|Any CPU
		{56A46349-EF5A-48AC-A6F0-CA00319F6014}.Debug|iPhoneSimulator.Build.0 = Debug|Any CPU
		{56A46349-EF5A-48AC-A6F0-CA00319F6014}.Debug|x64.ActiveCfg = Debug|Any CPU
		{56A46349-EF5A-48AC-A6F0-CA00319F6014}.Debug|x64.Build.0 = Debug|Any CPU
		{56A46349-EF5A-48AC-A6F0-CA00319F6014}.Debug|x86.ActiveCfg = Debug|Any CPU
		{56A46349-EF5A-48AC-A6F0-CA00319F6014}.Debug|x86.Build.0 = Debug|Any CPU
		{56A46349-EF5A-48AC-A6F0-CA00319F6014}.Release|Any CPU.ActiveCfg = Release|Any CPU
		{56A46349-EF5A-48AC-A6F0-CA00319F6014}.Release|Any CPU.Build.0 = Release|Any CPU
		{56A46349-EF5A-48AC-A6F0-CA00319F6014}.Release|ARM.ActiveCfg = Release|Any CPU
		{56A46349-EF5A-48AC-A6F0-CA00319F6014}.Release|ARM.Build.0 = Release|Any CPU
		{56A46349-EF5A-48AC-A6F0-CA00319F6014}.Release|iPhone.ActiveCfg = Release|Any CPU
		{56A46349-EF5A-48AC-A6F0-CA00319F6014}.Release|iPhone.Build.0 = Release|Any CPU
		{56A46349-EF5A-48AC-A6F0-CA00319F6014}.Release|iPhoneSimulator.ActiveCfg = Release|Any CPU
		{56A46349-EF5A-48AC-A6F0-CA00319F6014}.Release|iPhoneSimulator.Build.0 = Release|Any CPU
		{56A46349-EF5A-48AC-A6F0-CA00319F6014}.Release|x64.ActiveCfg = Release|Any CPU
		{56A46349-EF5A-48AC-A6F0-CA00319F6014}.Release|x64.Build.0 = Release|Any CPU
		{56A46349-EF5A-48AC-A6F0-CA00319F6014}.Release|x86.ActiveCfg = Release|Any CPU
		{56A46349-EF5A-48AC-A6F0-CA00319F6014}.Release|x86.Build.0 = Release|Any CPU
		{4043C7C1-D381-4B94-B1DC-05A2018ED95B}.Ad-Hoc|Any CPU.ActiveCfg = Release|Any CPU
		{4043C7C1-D381-4B94-B1DC-05A2018ED95B}.Ad-Hoc|Any CPU.Build.0 = Release|Any CPU
		{4043C7C1-D381-4B94-B1DC-05A2018ED95B}.Ad-Hoc|ARM.ActiveCfg = Release|Any CPU
		{4043C7C1-D381-4B94-B1DC-05A2018ED95B}.Ad-Hoc|ARM.Build.0 = Release|Any CPU
		{4043C7C1-D381-4B94-B1DC-05A2018ED95B}.Ad-Hoc|iPhone.ActiveCfg = Release|Any CPU
		{4043C7C1-D381-4B94-B1DC-05A2018ED95B}.Ad-Hoc|iPhone.Build.0 = Release|Any CPU
		{4043C7C1-D381-4B94-B1DC-05A2018ED95B}.Ad-Hoc|iPhoneSimulator.ActiveCfg = Release|Any CPU
		{4043C7C1-D381-4B94-B1DC-05A2018ED95B}.Ad-Hoc|iPhoneSimulator.Build.0 = Release|Any CPU
		{4043C7C1-D381-4B94-B1DC-05A2018ED95B}.Ad-Hoc|x64.ActiveCfg = Release|Any CPU
		{4043C7C1-D381-4B94-B1DC-05A2018ED95B}.Ad-Hoc|x64.Build.0 = Release|Any CPU
		{4043C7C1-D381-4B94-B1DC-05A2018ED95B}.Ad-Hoc|x86.ActiveCfg = Release|Any CPU
		{4043C7C1-D381-4B94-B1DC-05A2018ED95B}.Ad-Hoc|x86.Build.0 = Release|Any CPU
		{4043C7C1-D381-4B94-B1DC-05A2018ED95B}.AppStore|Any CPU.ActiveCfg = Release|Any CPU
		{4043C7C1-D381-4B94-B1DC-05A2018ED95B}.AppStore|Any CPU.Build.0 = Release|Any CPU
		{4043C7C1-D381-4B94-B1DC-05A2018ED95B}.AppStore|ARM.ActiveCfg = Release|Any CPU
		{4043C7C1-D381-4B94-B1DC-05A2018ED95B}.AppStore|ARM.Build.0 = Release|Any CPU
		{4043C7C1-D381-4B94-B1DC-05A2018ED95B}.AppStore|iPhone.ActiveCfg = Release|Any CPU
		{4043C7C1-D381-4B94-B1DC-05A2018ED95B}.AppStore|iPhone.Build.0 = Release|Any CPU
		{4043C7C1-D381-4B94-B1DC-05A2018ED95B}.AppStore|iPhoneSimulator.ActiveCfg = Release|Any CPU
		{4043C7C1-D381-4B94-B1DC-05A2018ED95B}.AppStore|iPhoneSimulator.Build.0 = Release|Any CPU
		{4043C7C1-D381-4B94-B1DC-05A2018ED95B}.AppStore|x64.ActiveCfg = Release|Any CPU
		{4043C7C1-D381-4B94-B1DC-05A2018ED95B}.AppStore|x64.Build.0 = Release|Any CPU
		{4043C7C1-D381-4B94-B1DC-05A2018ED95B}.AppStore|x86.ActiveCfg = Release|Any CPU
		{4043C7C1-D381-4B94-B1DC-05A2018ED95B}.AppStore|x86.Build.0 = Release|Any CPU
		{4043C7C1-D381-4B94-B1DC-05A2018ED95B}.Debug|Any CPU.ActiveCfg = Debug|Any CPU
		{4043C7C1-D381-4B94-B1DC-05A2018ED95B}.Debug|Any CPU.Build.0 = Debug|Any CPU
		{4043C7C1-D381-4B94-B1DC-05A2018ED95B}.Debug|ARM.ActiveCfg = Debug|Any CPU
		{4043C7C1-D381-4B94-B1DC-05A2018ED95B}.Debug|ARM.Build.0 = Debug|Any CPU
		{4043C7C1-D381-4B94-B1DC-05A2018ED95B}.Debug|iPhone.ActiveCfg = Debug|Any CPU
		{4043C7C1-D381-4B94-B1DC-05A2018ED95B}.Debug|iPhone.Build.0 = Debug|Any CPU
		{4043C7C1-D381-4B94-B1DC-05A2018ED95B}.Debug|iPhoneSimulator.ActiveCfg = Debug|Any CPU
		{4043C7C1-D381-4B94-B1DC-05A2018ED95B}.Debug|iPhoneSimulator.Build.0 = Debug|Any CPU
		{4043C7C1-D381-4B94-B1DC-05A2018ED95B}.Debug|x64.ActiveCfg = Debug|Any CPU
		{4043C7C1-D381-4B94-B1DC-05A2018ED95B}.Debug|x64.Build.0 = Debug|Any CPU
		{4043C7C1-D381-4B94-B1DC-05A2018ED95B}.Debug|x86.ActiveCfg = Debug|Any CPU
		{4043C7C1-D381-4B94-B1DC-05A2018ED95B}.Debug|x86.Build.0 = Debug|Any CPU
		{4043C7C1-D381-4B94-B1DC-05A2018ED95B}.Release|Any CPU.ActiveCfg = Release|Any CPU
		{4043C7C1-D381-4B94-B1DC-05A2018ED95B}.Release|Any CPU.Build.0 = Release|Any CPU
		{4043C7C1-D381-4B94-B1DC-05A2018ED95B}.Release|ARM.ActiveCfg = Release|Any CPU
		{4043C7C1-D381-4B94-B1DC-05A2018ED95B}.Release|ARM.Build.0 = Release|Any CPU
		{4043C7C1-D381-4B94-B1DC-05A2018ED95B}.Release|iPhone.ActiveCfg = Release|Any CPU
		{4043C7C1-D381-4B94-B1DC-05A2018ED95B}.Release|iPhone.Build.0 = Release|Any CPU
		{4043C7C1-D381-4B94-B1DC-05A2018ED95B}.Release|iPhoneSimulator.ActiveCfg = Release|Any CPU
		{4043C7C1-D381-4B94-B1DC-05A2018ED95B}.Release|iPhoneSimulator.Build.0 = Release|Any CPU
		{4043C7C1-D381-4B94-B1DC-05A2018ED95B}.Release|x64.ActiveCfg = Release|Any CPU
		{4043C7C1-D381-4B94-B1DC-05A2018ED95B}.Release|x64.Build.0 = Release|Any CPU
		{4043C7C1-D381-4B94-B1DC-05A2018ED95B}.Release|x86.ActiveCfg = Release|Any CPU
		{4043C7C1-D381-4B94-B1DC-05A2018ED95B}.Release|x86.Build.0 = Release|Any CPU
		{DE96E088-E22A-49F6-B955-4BB32C3C08D3}.Ad-Hoc|Any CPU.ActiveCfg = Release|Any CPU
		{DE96E088-E22A-49F6-B955-4BB32C3C08D3}.Ad-Hoc|Any CPU.Build.0 = Release|Any CPU
		{DE96E088-E22A-49F6-B955-4BB32C3C08D3}.Ad-Hoc|ARM.ActiveCfg = Release|Any CPU
		{DE96E088-E22A-49F6-B955-4BB32C3C08D3}.Ad-Hoc|ARM.Build.0 = Release|Any CPU
		{DE96E088-E22A-49F6-B955-4BB32C3C08D3}.Ad-Hoc|iPhone.ActiveCfg = Release|Any CPU
		{DE96E088-E22A-49F6-B955-4BB32C3C08D3}.Ad-Hoc|iPhone.Build.0 = Release|Any CPU
		{DE96E088-E22A-49F6-B955-4BB32C3C08D3}.Ad-Hoc|iPhoneSimulator.ActiveCfg = Release|Any CPU
		{DE96E088-E22A-49F6-B955-4BB32C3C08D3}.Ad-Hoc|iPhoneSimulator.Build.0 = Release|Any CPU
		{DE96E088-E22A-49F6-B955-4BB32C3C08D3}.Ad-Hoc|x64.ActiveCfg = Release|Any CPU
		{DE96E088-E22A-49F6-B955-4BB32C3C08D3}.Ad-Hoc|x64.Build.0 = Release|Any CPU
		{DE96E088-E22A-49F6-B955-4BB32C3C08D3}.Ad-Hoc|x86.ActiveCfg = Release|Any CPU
		{DE96E088-E22A-49F6-B955-4BB32C3C08D3}.Ad-Hoc|x86.Build.0 = Release|Any CPU
		{DE96E088-E22A-49F6-B955-4BB32C3C08D3}.AppStore|Any CPU.ActiveCfg = Release|Any CPU
		{DE96E088-E22A-49F6-B955-4BB32C3C08D3}.AppStore|Any CPU.Build.0 = Release|Any CPU
		{DE96E088-E22A-49F6-B955-4BB32C3C08D3}.AppStore|ARM.ActiveCfg = Release|Any CPU
		{DE96E088-E22A-49F6-B955-4BB32C3C08D3}.AppStore|ARM.Build.0 = Release|Any CPU
		{DE96E088-E22A-49F6-B955-4BB32C3C08D3}.AppStore|iPhone.ActiveCfg = Release|Any CPU
		{DE96E088-E22A-49F6-B955-4BB32C3C08D3}.AppStore|iPhone.Build.0 = Release|Any CPU
		{DE96E088-E22A-49F6-B955-4BB32C3C08D3}.AppStore|iPhoneSimulator.ActiveCfg = Release|Any CPU
		{DE96E088-E22A-49F6-B955-4BB32C3C08D3}.AppStore|iPhoneSimulator.Build.0 = Release|Any CPU
		{DE96E088-E22A-49F6-B955-4BB32C3C08D3}.AppStore|x64.ActiveCfg = Release|Any CPU
		{DE96E088-E22A-49F6-B955-4BB32C3C08D3}.AppStore|x64.Build.0 = Release|Any CPU
		{DE96E088-E22A-49F6-B955-4BB32C3C08D3}.AppStore|x86.ActiveCfg = Release|Any CPU
		{DE96E088-E22A-49F6-B955-4BB32C3C08D3}.AppStore|x86.Build.0 = Release|Any CPU
		{DE96E088-E22A-49F6-B955-4BB32C3C08D3}.Debug|Any CPU.ActiveCfg = Debug|Any CPU
		{DE96E088-E22A-49F6-B955-4BB32C3C08D3}.Debug|Any CPU.Build.0 = Debug|Any CPU
		{DE96E088-E22A-49F6-B955-4BB32C3C08D3}.Debug|ARM.ActiveCfg = Debug|Any CPU
		{DE96E088-E22A-49F6-B955-4BB32C3C08D3}.Debug|ARM.Build.0 = Debug|Any CPU
		{DE96E088-E22A-49F6-B955-4BB32C3C08D3}.Debug|iPhone.ActiveCfg = Debug|Any CPU
		{DE96E088-E22A-49F6-B955-4BB32C3C08D3}.Debug|iPhone.Build.0 = Debug|Any CPU
		{DE96E088-E22A-49F6-B955-4BB32C3C08D3}.Debug|iPhoneSimulator.ActiveCfg = Debug|Any CPU
		{DE96E088-E22A-49F6-B955-4BB32C3C08D3}.Debug|iPhoneSimulator.Build.0 = Debug|Any CPU
		{DE96E088-E22A-49F6-B955-4BB32C3C08D3}.Debug|x64.ActiveCfg = Debug|Any CPU
		{DE96E088-E22A-49F6-B955-4BB32C3C08D3}.Debug|x64.Build.0 = Debug|Any CPU
		{DE96E088-E22A-49F6-B955-4BB32C3C08D3}.Debug|x86.ActiveCfg = Debug|Any CPU
		{DE96E088-E22A-49F6-B955-4BB32C3C08D3}.Debug|x86.Build.0 = Debug|Any CPU
		{DE96E088-E22A-49F6-B955-4BB32C3C08D3}.Release|Any CPU.ActiveCfg = Release|Any CPU
		{DE96E088-E22A-49F6-B955-4BB32C3C08D3}.Release|Any CPU.Build.0 = Release|Any CPU
		{DE96E088-E22A-49F6-B955-4BB32C3C08D3}.Release|ARM.ActiveCfg = Release|Any CPU
		{DE96E088-E22A-49F6-B955-4BB32C3C08D3}.Release|ARM.Build.0 = Release|Any CPU
		{DE96E088-E22A-49F6-B955-4BB32C3C08D3}.Release|iPhone.ActiveCfg = Release|Any CPU
		{DE96E088-E22A-49F6-B955-4BB32C3C08D3}.Release|iPhone.Build.0 = Release|Any CPU
		{DE96E088-E22A-49F6-B955-4BB32C3C08D3}.Release|iPhoneSimulator.ActiveCfg = Release|Any CPU
		{DE96E088-E22A-49F6-B955-4BB32C3C08D3}.Release|iPhoneSimulator.Build.0 = Release|Any CPU
		{DE96E088-E22A-49F6-B955-4BB32C3C08D3}.Release|x64.ActiveCfg = Release|Any CPU
		{DE96E088-E22A-49F6-B955-4BB32C3C08D3}.Release|x64.Build.0 = Release|Any CPU
		{DE96E088-E22A-49F6-B955-4BB32C3C08D3}.Release|x86.ActiveCfg = Release|Any CPU
		{DE96E088-E22A-49F6-B955-4BB32C3C08D3}.Release|x86.Build.0 = Release|Any CPU
		{DDC2EE7A-5851-44FB-8938-F307C22CB534}.Ad-Hoc|Any CPU.ActiveCfg = Release|Any CPU
		{DDC2EE7A-5851-44FB-8938-F307C22CB534}.Ad-Hoc|Any CPU.Build.0 = Release|Any CPU
		{DDC2EE7A-5851-44FB-8938-F307C22CB534}.Ad-Hoc|Any CPU.Deploy.0 = Release|Any CPU
		{DDC2EE7A-5851-44FB-8938-F307C22CB534}.Ad-Hoc|ARM.ActiveCfg = Release|Any CPU
		{DDC2EE7A-5851-44FB-8938-F307C22CB534}.Ad-Hoc|ARM.Build.0 = Release|Any CPU
		{DDC2EE7A-5851-44FB-8938-F307C22CB534}.Ad-Hoc|ARM.Deploy.0 = Release|Any CPU
		{DDC2EE7A-5851-44FB-8938-F307C22CB534}.Ad-Hoc|iPhone.ActiveCfg = Release|Any CPU
		{DDC2EE7A-5851-44FB-8938-F307C22CB534}.Ad-Hoc|iPhone.Build.0 = Release|Any CPU
		{DDC2EE7A-5851-44FB-8938-F307C22CB534}.Ad-Hoc|iPhone.Deploy.0 = Release|Any CPU
		{DDC2EE7A-5851-44FB-8938-F307C22CB534}.Ad-Hoc|iPhoneSimulator.ActiveCfg = Release|Any CPU
		{DDC2EE7A-5851-44FB-8938-F307C22CB534}.Ad-Hoc|iPhoneSimulator.Build.0 = Release|Any CPU
		{DDC2EE7A-5851-44FB-8938-F307C22CB534}.Ad-Hoc|iPhoneSimulator.Deploy.0 = Release|Any CPU
		{DDC2EE7A-5851-44FB-8938-F307C22CB534}.Ad-Hoc|x64.ActiveCfg = Release|Any CPU
		{DDC2EE7A-5851-44FB-8938-F307C22CB534}.Ad-Hoc|x64.Build.0 = Release|Any CPU
		{DDC2EE7A-5851-44FB-8938-F307C22CB534}.Ad-Hoc|x64.Deploy.0 = Release|Any CPU
		{DDC2EE7A-5851-44FB-8938-F307C22CB534}.Ad-Hoc|x86.ActiveCfg = Release|Any CPU
		{DDC2EE7A-5851-44FB-8938-F307C22CB534}.Ad-Hoc|x86.Build.0 = Release|Any CPU
		{DDC2EE7A-5851-44FB-8938-F307C22CB534}.Ad-Hoc|x86.Deploy.0 = Release|Any CPU
		{DDC2EE7A-5851-44FB-8938-F307C22CB534}.AppStore|Any CPU.ActiveCfg = Release|Any CPU
		{DDC2EE7A-5851-44FB-8938-F307C22CB534}.AppStore|Any CPU.Build.0 = Release|Any CPU
		{DDC2EE7A-5851-44FB-8938-F307C22CB534}.AppStore|Any CPU.Deploy.0 = Release|Any CPU
		{DDC2EE7A-5851-44FB-8938-F307C22CB534}.AppStore|ARM.ActiveCfg = Release|Any CPU
		{DDC2EE7A-5851-44FB-8938-F307C22CB534}.AppStore|ARM.Build.0 = Release|Any CPU
		{DDC2EE7A-5851-44FB-8938-F307C22CB534}.AppStore|ARM.Deploy.0 = Release|Any CPU
		{DDC2EE7A-5851-44FB-8938-F307C22CB534}.AppStore|iPhone.ActiveCfg = Release|Any CPU
		{DDC2EE7A-5851-44FB-8938-F307C22CB534}.AppStore|iPhone.Build.0 = Release|Any CPU
		{DDC2EE7A-5851-44FB-8938-F307C22CB534}.AppStore|iPhone.Deploy.0 = Release|Any CPU
		{DDC2EE7A-5851-44FB-8938-F307C22CB534}.AppStore|iPhoneSimulator.ActiveCfg = Release|Any CPU
		{DDC2EE7A-5851-44FB-8938-F307C22CB534}.AppStore|iPhoneSimulator.Build.0 = Release|Any CPU
		{DDC2EE7A-5851-44FB-8938-F307C22CB534}.AppStore|iPhoneSimulator.Deploy.0 = Release|Any CPU
		{DDC2EE7A-5851-44FB-8938-F307C22CB534}.AppStore|x64.ActiveCfg = Release|Any CPU
		{DDC2EE7A-5851-44FB-8938-F307C22CB534}.AppStore|x64.Build.0 = Release|Any CPU
		{DDC2EE7A-5851-44FB-8938-F307C22CB534}.AppStore|x64.Deploy.0 = Release|Any CPU
		{DDC2EE7A-5851-44FB-8938-F307C22CB534}.AppStore|x86.ActiveCfg = Release|Any CPU
		{DDC2EE7A-5851-44FB-8938-F307C22CB534}.AppStore|x86.Build.0 = Release|Any CPU
		{DDC2EE7A-5851-44FB-8938-F307C22CB534}.AppStore|x86.Deploy.0 = Release|Any CPU
		{DDC2EE7A-5851-44FB-8938-F307C22CB534}.Debug|Any CPU.ActiveCfg = Debug|Any CPU
		{DDC2EE7A-5851-44FB-8938-F307C22CB534}.Debug|Any CPU.Build.0 = Debug|Any CPU
		{DDC2EE7A-5851-44FB-8938-F307C22CB534}.Debug|Any CPU.Deploy.0 = Debug|Any CPU
		{DDC2EE7A-5851-44FB-8938-F307C22CB534}.Debug|ARM.ActiveCfg = Debug|Any CPU
		{DDC2EE7A-5851-44FB-8938-F307C22CB534}.Debug|ARM.Build.0 = Debug|Any CPU
		{DDC2EE7A-5851-44FB-8938-F307C22CB534}.Debug|ARM.Deploy.0 = Debug|Any CPU
		{DDC2EE7A-5851-44FB-8938-F307C22CB534}.Debug|iPhone.ActiveCfg = Debug|Any CPU
		{DDC2EE7A-5851-44FB-8938-F307C22CB534}.Debug|iPhone.Build.0 = Debug|Any CPU
		{DDC2EE7A-5851-44FB-8938-F307C22CB534}.Debug|iPhone.Deploy.0 = Debug|Any CPU
		{DDC2EE7A-5851-44FB-8938-F307C22CB534}.Debug|iPhoneSimulator.ActiveCfg = Debug|Any CPU
		{DDC2EE7A-5851-44FB-8938-F307C22CB534}.Debug|iPhoneSimulator.Build.0 = Debug|Any CPU
		{DDC2EE7A-5851-44FB-8938-F307C22CB534}.Debug|iPhoneSimulator.Deploy.0 = Debug|Any CPU
		{DDC2EE7A-5851-44FB-8938-F307C22CB534}.Debug|x64.ActiveCfg = Debug|Any CPU
		{DDC2EE7A-5851-44FB-8938-F307C22CB534}.Debug|x64.Build.0 = Debug|Any CPU
		{DDC2EE7A-5851-44FB-8938-F307C22CB534}.Debug|x64.Deploy.0 = Debug|Any CPU
		{DDC2EE7A-5851-44FB-8938-F307C22CB534}.Debug|x86.ActiveCfg = Debug|Any CPU
		{DDC2EE7A-5851-44FB-8938-F307C22CB534}.Debug|x86.Build.0 = Debug|Any CPU
		{DDC2EE7A-5851-44FB-8938-F307C22CB534}.Debug|x86.Deploy.0 = Debug|Any CPU
		{DDC2EE7A-5851-44FB-8938-F307C22CB534}.Release|Any CPU.ActiveCfg = Release|Any CPU
		{DDC2EE7A-5851-44FB-8938-F307C22CB534}.Release|Any CPU.Build.0 = Release|Any CPU
		{DDC2EE7A-5851-44FB-8938-F307C22CB534}.Release|Any CPU.Deploy.0 = Release|Any CPU
		{DDC2EE7A-5851-44FB-8938-F307C22CB534}.Release|ARM.ActiveCfg = Release|Any CPU
		{DDC2EE7A-5851-44FB-8938-F307C22CB534}.Release|ARM.Build.0 = Release|Any CPU
		{DDC2EE7A-5851-44FB-8938-F307C22CB534}.Release|ARM.Deploy.0 = Release|Any CPU
		{DDC2EE7A-5851-44FB-8938-F307C22CB534}.Release|iPhone.ActiveCfg = Release|Any CPU
		{DDC2EE7A-5851-44FB-8938-F307C22CB534}.Release|iPhone.Build.0 = Release|Any CPU
		{DDC2EE7A-5851-44FB-8938-F307C22CB534}.Release|iPhone.Deploy.0 = Release|Any CPU
		{DDC2EE7A-5851-44FB-8938-F307C22CB534}.Release|iPhoneSimulator.ActiveCfg = Release|Any CPU
		{DDC2EE7A-5851-44FB-8938-F307C22CB534}.Release|iPhoneSimulator.Build.0 = Release|Any CPU
		{DDC2EE7A-5851-44FB-8938-F307C22CB534}.Release|iPhoneSimulator.Deploy.0 = Release|Any CPU
		{DDC2EE7A-5851-44FB-8938-F307C22CB534}.Release|x64.ActiveCfg = Release|Any CPU
		{DDC2EE7A-5851-44FB-8938-F307C22CB534}.Release|x64.Build.0 = Release|Any CPU
		{DDC2EE7A-5851-44FB-8938-F307C22CB534}.Release|x64.Deploy.0 = Release|Any CPU
		{DDC2EE7A-5851-44FB-8938-F307C22CB534}.Release|x86.ActiveCfg = Release|Any CPU
		{DDC2EE7A-5851-44FB-8938-F307C22CB534}.Release|x86.Build.0 = Release|Any CPU
		{DDC2EE7A-5851-44FB-8938-F307C22CB534}.Release|x86.Deploy.0 = Release|Any CPU
		{92A44E1D-9E2B-4E11-9C2D-613B4374A9BF}.Ad-Hoc|Any CPU.ActiveCfg = Ad-Hoc|iPhone
		{92A44E1D-9E2B-4E11-9C2D-613B4374A9BF}.Ad-Hoc|ARM.ActiveCfg = Ad-Hoc|iPhone
		{92A44E1D-9E2B-4E11-9C2D-613B4374A9BF}.Ad-Hoc|iPhone.ActiveCfg = Ad-Hoc|iPhone
		{92A44E1D-9E2B-4E11-9C2D-613B4374A9BF}.Ad-Hoc|iPhone.Build.0 = Ad-Hoc|iPhone
		{92A44E1D-9E2B-4E11-9C2D-613B4374A9BF}.Ad-Hoc|iPhoneSimulator.ActiveCfg = Ad-Hoc|iPhoneSimulator
		{92A44E1D-9E2B-4E11-9C2D-613B4374A9BF}.Ad-Hoc|iPhoneSimulator.Build.0 = Ad-Hoc|iPhoneSimulator
		{92A44E1D-9E2B-4E11-9C2D-613B4374A9BF}.Ad-Hoc|x64.ActiveCfg = Ad-Hoc|iPhone
		{92A44E1D-9E2B-4E11-9C2D-613B4374A9BF}.Ad-Hoc|x86.ActiveCfg = Ad-Hoc|iPhone
		{92A44E1D-9E2B-4E11-9C2D-613B4374A9BF}.AppStore|Any CPU.ActiveCfg = AppStore|iPhone
		{92A44E1D-9E2B-4E11-9C2D-613B4374A9BF}.AppStore|ARM.ActiveCfg = AppStore|iPhone
		{92A44E1D-9E2B-4E11-9C2D-613B4374A9BF}.AppStore|iPhone.ActiveCfg = AppStore|iPhone
		{92A44E1D-9E2B-4E11-9C2D-613B4374A9BF}.AppStore|iPhone.Build.0 = AppStore|iPhone
		{92A44E1D-9E2B-4E11-9C2D-613B4374A9BF}.AppStore|iPhoneSimulator.ActiveCfg = AppStore|iPhoneSimulator
		{92A44E1D-9E2B-4E11-9C2D-613B4374A9BF}.AppStore|iPhoneSimulator.Build.0 = AppStore|iPhoneSimulator
		{92A44E1D-9E2B-4E11-9C2D-613B4374A9BF}.AppStore|x64.ActiveCfg = AppStore|iPhone
		{92A44E1D-9E2B-4E11-9C2D-613B4374A9BF}.AppStore|x86.ActiveCfg = AppStore|iPhone
		{92A44E1D-9E2B-4E11-9C2D-613B4374A9BF}.Debug|Any CPU.ActiveCfg = Debug|iPhone
		{92A44E1D-9E2B-4E11-9C2D-613B4374A9BF}.Debug|ARM.ActiveCfg = Debug|iPhone
		{92A44E1D-9E2B-4E11-9C2D-613B4374A9BF}.Debug|iPhone.ActiveCfg = Debug|iPhone
		{92A44E1D-9E2B-4E11-9C2D-613B4374A9BF}.Debug|iPhone.Build.0 = Debug|iPhone
		{92A44E1D-9E2B-4E11-9C2D-613B4374A9BF}.Debug|iPhoneSimulator.ActiveCfg = Debug|iPhoneSimulator
		{92A44E1D-9E2B-4E11-9C2D-613B4374A9BF}.Debug|iPhoneSimulator.Build.0 = Debug|iPhoneSimulator
		{92A44E1D-9E2B-4E11-9C2D-613B4374A9BF}.Debug|x64.ActiveCfg = Debug|iPhone
		{92A44E1D-9E2B-4E11-9C2D-613B4374A9BF}.Debug|x86.ActiveCfg = Debug|iPhone
		{92A44E1D-9E2B-4E11-9C2D-613B4374A9BF}.Release|Any CPU.ActiveCfg = Release|iPhone
		{92A44E1D-9E2B-4E11-9C2D-613B4374A9BF}.Release|ARM.ActiveCfg = Release|iPhone
		{92A44E1D-9E2B-4E11-9C2D-613B4374A9BF}.Release|iPhone.ActiveCfg = Release|iPhone
		{92A44E1D-9E2B-4E11-9C2D-613B4374A9BF}.Release|iPhone.Build.0 = Release|iPhone
		{92A44E1D-9E2B-4E11-9C2D-613B4374A9BF}.Release|iPhoneSimulator.ActiveCfg = Release|iPhoneSimulator
		{92A44E1D-9E2B-4E11-9C2D-613B4374A9BF}.Release|iPhoneSimulator.Build.0 = Release|iPhoneSimulator
		{92A44E1D-9E2B-4E11-9C2D-613B4374A9BF}.Release|x64.ActiveCfg = Release|iPhone
		{92A44E1D-9E2B-4E11-9C2D-613B4374A9BF}.Release|x86.ActiveCfg = Release|iPhone
		{D80D3183-D82E-4B97-B80E-97F140A8AA37}.Ad-Hoc|Any CPU.ActiveCfg = Release|Any CPU
		{D80D3183-D82E-4B97-B80E-97F140A8AA37}.Ad-Hoc|Any CPU.Build.0 = Release|Any CPU
		{D80D3183-D82E-4B97-B80E-97F140A8AA37}.Ad-Hoc|Any CPU.Deploy.0 = Release|Any CPU
		{D80D3183-D82E-4B97-B80E-97F140A8AA37}.Ad-Hoc|ARM.ActiveCfg = Release|ARM
		{D80D3183-D82E-4B97-B80E-97F140A8AA37}.Ad-Hoc|ARM.Build.0 = Release|ARM
		{D80D3183-D82E-4B97-B80E-97F140A8AA37}.Ad-Hoc|ARM.Deploy.0 = Release|ARM
		{D80D3183-D82E-4B97-B80E-97F140A8AA37}.Ad-Hoc|iPhone.ActiveCfg = Release|Any CPU
		{D80D3183-D82E-4B97-B80E-97F140A8AA37}.Ad-Hoc|iPhone.Build.0 = Release|Any CPU
		{D80D3183-D82E-4B97-B80E-97F140A8AA37}.Ad-Hoc|iPhone.Deploy.0 = Release|Any CPU
		{D80D3183-D82E-4B97-B80E-97F140A8AA37}.Ad-Hoc|iPhoneSimulator.ActiveCfg = Release|Any CPU
		{D80D3183-D82E-4B97-B80E-97F140A8AA37}.Ad-Hoc|iPhoneSimulator.Build.0 = Release|Any CPU
		{D80D3183-D82E-4B97-B80E-97F140A8AA37}.Ad-Hoc|iPhoneSimulator.Deploy.0 = Release|Any CPU
		{D80D3183-D82E-4B97-B80E-97F140A8AA37}.Ad-Hoc|x64.ActiveCfg = Release|Any CPU
		{D80D3183-D82E-4B97-B80E-97F140A8AA37}.Ad-Hoc|x64.Build.0 = Release|Any CPU
		{D80D3183-D82E-4B97-B80E-97F140A8AA37}.Ad-Hoc|x64.Deploy.0 = Release|Any CPU
		{D80D3183-D82E-4B97-B80E-97F140A8AA37}.Ad-Hoc|x86.ActiveCfg = Release|x86
		{D80D3183-D82E-4B97-B80E-97F140A8AA37}.Ad-Hoc|x86.Build.0 = Release|x86
		{D80D3183-D82E-4B97-B80E-97F140A8AA37}.Ad-Hoc|x86.Deploy.0 = Release|x86
		{D80D3183-D82E-4B97-B80E-97F140A8AA37}.AppStore|Any CPU.ActiveCfg = Release|Any CPU
		{D80D3183-D82E-4B97-B80E-97F140A8AA37}.AppStore|Any CPU.Build.0 = Release|Any CPU
		{D80D3183-D82E-4B97-B80E-97F140A8AA37}.AppStore|Any CPU.Deploy.0 = Release|Any CPU
		{D80D3183-D82E-4B97-B80E-97F140A8AA37}.AppStore|ARM.ActiveCfg = Release|ARM
		{D80D3183-D82E-4B97-B80E-97F140A8AA37}.AppStore|ARM.Build.0 = Release|ARM
		{D80D3183-D82E-4B97-B80E-97F140A8AA37}.AppStore|ARM.Deploy.0 = Release|ARM
		{D80D3183-D82E-4B97-B80E-97F140A8AA37}.AppStore|iPhone.ActiveCfg = Release|Any CPU
		{D80D3183-D82E-4B97-B80E-97F140A8AA37}.AppStore|iPhone.Build.0 = Release|Any CPU
		{D80D3183-D82E-4B97-B80E-97F140A8AA37}.AppStore|iPhone.Deploy.0 = Release|Any CPU
		{D80D3183-D82E-4B97-B80E-97F140A8AA37}.AppStore|iPhoneSimulator.ActiveCfg = Release|Any CPU
		{D80D3183-D82E-4B97-B80E-97F140A8AA37}.AppStore|iPhoneSimulator.Build.0 = Release|Any CPU
		{D80D3183-D82E-4B97-B80E-97F140A8AA37}.AppStore|iPhoneSimulator.Deploy.0 = Release|Any CPU
		{D80D3183-D82E-4B97-B80E-97F140A8AA37}.AppStore|x64.ActiveCfg = Release|Any CPU
		{D80D3183-D82E-4B97-B80E-97F140A8AA37}.AppStore|x64.Build.0 = Release|Any CPU
		{D80D3183-D82E-4B97-B80E-97F140A8AA37}.AppStore|x64.Deploy.0 = Release|Any CPU
		{D80D3183-D82E-4B97-B80E-97F140A8AA37}.AppStore|x86.ActiveCfg = Release|x86
		{D80D3183-D82E-4B97-B80E-97F140A8AA37}.AppStore|x86.Build.0 = Release|x86
		{D80D3183-D82E-4B97-B80E-97F140A8AA37}.AppStore|x86.Deploy.0 = Release|x86
		{D80D3183-D82E-4B97-B80E-97F140A8AA37}.Debug|Any CPU.ActiveCfg = Debug|Any CPU
		{D80D3183-D82E-4B97-B80E-97F140A8AA37}.Debug|Any CPU.Build.0 = Debug|Any CPU
		{D80D3183-D82E-4B97-B80E-97F140A8AA37}.Debug|Any CPU.Deploy.0 = Debug|Any CPU
		{D80D3183-D82E-4B97-B80E-97F140A8AA37}.Debug|ARM.ActiveCfg = Debug|ARM
		{D80D3183-D82E-4B97-B80E-97F140A8AA37}.Debug|ARM.Build.0 = Debug|ARM
		{D80D3183-D82E-4B97-B80E-97F140A8AA37}.Debug|ARM.Deploy.0 = Debug|ARM
		{D80D3183-D82E-4B97-B80E-97F140A8AA37}.Debug|iPhone.ActiveCfg = Debug|Any CPU
		{D80D3183-D82E-4B97-B80E-97F140A8AA37}.Debug|iPhone.Build.0 = Debug|Any CPU
		{D80D3183-D82E-4B97-B80E-97F140A8AA37}.Debug|iPhone.Deploy.0 = Debug|Any CPU
		{D80D3183-D82E-4B97-B80E-97F140A8AA37}.Debug|iPhoneSimulator.ActiveCfg = Debug|Any CPU
		{D80D3183-D82E-4B97-B80E-97F140A8AA37}.Debug|iPhoneSimulator.Build.0 = Debug|Any CPU
		{D80D3183-D82E-4B97-B80E-97F140A8AA37}.Debug|iPhoneSimulator.Deploy.0 = Debug|Any CPU
		{D80D3183-D82E-4B97-B80E-97F140A8AA37}.Debug|x64.ActiveCfg = Debug|Any CPU
		{D80D3183-D82E-4B97-B80E-97F140A8AA37}.Debug|x64.Build.0 = Debug|Any CPU
		{D80D3183-D82E-4B97-B80E-97F140A8AA37}.Debug|x64.Deploy.0 = Debug|Any CPU
		{D80D3183-D82E-4B97-B80E-97F140A8AA37}.Debug|x86.ActiveCfg = Debug|x86
		{D80D3183-D82E-4B97-B80E-97F140A8AA37}.Debug|x86.Build.0 = Debug|x86
		{D80D3183-D82E-4B97-B80E-97F140A8AA37}.Debug|x86.Deploy.0 = Debug|x86
		{D80D3183-D82E-4B97-B80E-97F140A8AA37}.Release|Any CPU.ActiveCfg = Release|Any CPU
		{D80D3183-D82E-4B97-B80E-97F140A8AA37}.Release|Any CPU.Build.0 = Release|Any CPU
		{D80D3183-D82E-4B97-B80E-97F140A8AA37}.Release|Any CPU.Deploy.0 = Release|Any CPU
		{D80D3183-D82E-4B97-B80E-97F140A8AA37}.Release|ARM.ActiveCfg = Release|ARM
		{D80D3183-D82E-4B97-B80E-97F140A8AA37}.Release|ARM.Build.0 = Release|ARM
		{D80D3183-D82E-4B97-B80E-97F140A8AA37}.Release|ARM.Deploy.0 = Release|ARM
		{D80D3183-D82E-4B97-B80E-97F140A8AA37}.Release|iPhone.ActiveCfg = Release|Any CPU
		{D80D3183-D82E-4B97-B80E-97F140A8AA37}.Release|iPhone.Build.0 = Release|Any CPU
		{D80D3183-D82E-4B97-B80E-97F140A8AA37}.Release|iPhone.Deploy.0 = Release|Any CPU
		{D80D3183-D82E-4B97-B80E-97F140A8AA37}.Release|iPhoneSimulator.ActiveCfg = Release|Any CPU
		{D80D3183-D82E-4B97-B80E-97F140A8AA37}.Release|iPhoneSimulator.Build.0 = Release|Any CPU
		{D80D3183-D82E-4B97-B80E-97F140A8AA37}.Release|iPhoneSimulator.Deploy.0 = Release|Any CPU
		{D80D3183-D82E-4B97-B80E-97F140A8AA37}.Release|x64.ActiveCfg = Release|Any CPU
		{D80D3183-D82E-4B97-B80E-97F140A8AA37}.Release|x64.Build.0 = Release|Any CPU
		{D80D3183-D82E-4B97-B80E-97F140A8AA37}.Release|x64.Deploy.0 = Release|Any CPU
		{D80D3183-D82E-4B97-B80E-97F140A8AA37}.Release|x86.ActiveCfg = Release|x86
		{D80D3183-D82E-4B97-B80E-97F140A8AA37}.Release|x86.Build.0 = Release|x86
		{D80D3183-D82E-4B97-B80E-97F140A8AA37}.Release|x86.Deploy.0 = Release|x86
		{87125FF1-9742-468D-A5D0-29744D491B4B}.Ad-Hoc|Any CPU.ActiveCfg = Release|x86
		{87125FF1-9742-468D-A5D0-29744D491B4B}.Ad-Hoc|Any CPU.Build.0 = Release|x86
		{87125FF1-9742-468D-A5D0-29744D491B4B}.Ad-Hoc|Any CPU.Deploy.0 = Release|x86
		{87125FF1-9742-468D-A5D0-29744D491B4B}.Ad-Hoc|ARM.ActiveCfg = Release|ARM
		{87125FF1-9742-468D-A5D0-29744D491B4B}.Ad-Hoc|ARM.Build.0 = Release|ARM
		{87125FF1-9742-468D-A5D0-29744D491B4B}.Ad-Hoc|ARM.Deploy.0 = Release|ARM
		{87125FF1-9742-468D-A5D0-29744D491B4B}.Ad-Hoc|iPhone.ActiveCfg = Release|x86
		{87125FF1-9742-468D-A5D0-29744D491B4B}.Ad-Hoc|iPhone.Build.0 = Release|x86
		{87125FF1-9742-468D-A5D0-29744D491B4B}.Ad-Hoc|iPhone.Deploy.0 = Release|x86
		{87125FF1-9742-468D-A5D0-29744D491B4B}.Ad-Hoc|iPhoneSimulator.ActiveCfg = Release|x86
		{87125FF1-9742-468D-A5D0-29744D491B4B}.Ad-Hoc|iPhoneSimulator.Build.0 = Release|x86
		{87125FF1-9742-468D-A5D0-29744D491B4B}.Ad-Hoc|iPhoneSimulator.Deploy.0 = Release|x86
		{87125FF1-9742-468D-A5D0-29744D491B4B}.Ad-Hoc|x64.ActiveCfg = Release|x64
		{87125FF1-9742-468D-A5D0-29744D491B4B}.Ad-Hoc|x64.Build.0 = Release|x64
		{87125FF1-9742-468D-A5D0-29744D491B4B}.Ad-Hoc|x64.Deploy.0 = Release|x64
		{87125FF1-9742-468D-A5D0-29744D491B4B}.Ad-Hoc|x86.ActiveCfg = Release|x86
		{87125FF1-9742-468D-A5D0-29744D491B4B}.Ad-Hoc|x86.Build.0 = Release|x86
		{87125FF1-9742-468D-A5D0-29744D491B4B}.Ad-Hoc|x86.Deploy.0 = Release|x86
		{87125FF1-9742-468D-A5D0-29744D491B4B}.AppStore|Any CPU.ActiveCfg = Release|x86
		{87125FF1-9742-468D-A5D0-29744D491B4B}.AppStore|Any CPU.Build.0 = Release|x86
		{87125FF1-9742-468D-A5D0-29744D491B4B}.AppStore|Any CPU.Deploy.0 = Release|x86
		{87125FF1-9742-468D-A5D0-29744D491B4B}.AppStore|ARM.ActiveCfg = Release|ARM
		{87125FF1-9742-468D-A5D0-29744D491B4B}.AppStore|ARM.Build.0 = Release|ARM
		{87125FF1-9742-468D-A5D0-29744D491B4B}.AppStore|ARM.Deploy.0 = Release|ARM
		{87125FF1-9742-468D-A5D0-29744D491B4B}.AppStore|iPhone.ActiveCfg = Release|x86
		{87125FF1-9742-468D-A5D0-29744D491B4B}.AppStore|iPhone.Build.0 = Release|x86
		{87125FF1-9742-468D-A5D0-29744D491B4B}.AppStore|iPhone.Deploy.0 = Release|x86
		{87125FF1-9742-468D-A5D0-29744D491B4B}.AppStore|iPhoneSimulator.ActiveCfg = Release|x86
		{87125FF1-9742-468D-A5D0-29744D491B4B}.AppStore|iPhoneSimulator.Build.0 = Release|x86
		{87125FF1-9742-468D-A5D0-29744D491B4B}.AppStore|iPhoneSimulator.Deploy.0 = Release|x86
		{87125FF1-9742-468D-A5D0-29744D491B4B}.AppStore|x64.ActiveCfg = Release|x64
		{87125FF1-9742-468D-A5D0-29744D491B4B}.AppStore|x64.Build.0 = Release|x64
		{87125FF1-9742-468D-A5D0-29744D491B4B}.AppStore|x64.Deploy.0 = Release|x64
		{87125FF1-9742-468D-A5D0-29744D491B4B}.AppStore|x86.ActiveCfg = Release|x86
		{87125FF1-9742-468D-A5D0-29744D491B4B}.AppStore|x86.Build.0 = Release|x86
		{87125FF1-9742-468D-A5D0-29744D491B4B}.AppStore|x86.Deploy.0 = Release|x86
		{87125FF1-9742-468D-A5D0-29744D491B4B}.Debug|Any CPU.ActiveCfg = Debug|x86
		{87125FF1-9742-468D-A5D0-29744D491B4B}.Debug|Any CPU.Build.0 = Debug|x86
		{87125FF1-9742-468D-A5D0-29744D491B4B}.Debug|Any CPU.Deploy.0 = Debug|x86
		{87125FF1-9742-468D-A5D0-29744D491B4B}.Debug|ARM.ActiveCfg = Debug|ARM
		{87125FF1-9742-468D-A5D0-29744D491B4B}.Debug|ARM.Build.0 = Debug|ARM
		{87125FF1-9742-468D-A5D0-29744D491B4B}.Debug|ARM.Deploy.0 = Debug|ARM
		{87125FF1-9742-468D-A5D0-29744D491B4B}.Debug|iPhone.ActiveCfg = Debug|x86
		{87125FF1-9742-468D-A5D0-29744D491B4B}.Debug|iPhoneSimulator.ActiveCfg = Debug|x86
		{87125FF1-9742-468D-A5D0-29744D491B4B}.Debug|x64.ActiveCfg = Debug|x64
		{87125FF1-9742-468D-A5D0-29744D491B4B}.Debug|x64.Build.0 = Debug|x64
		{87125FF1-9742-468D-A5D0-29744D491B4B}.Debug|x64.Deploy.0 = Debug|x64
		{87125FF1-9742-468D-A5D0-29744D491B4B}.Debug|x86.ActiveCfg = Debug|x86
		{87125FF1-9742-468D-A5D0-29744D491B4B}.Debug|x86.Build.0 = Debug|x86
		{87125FF1-9742-468D-A5D0-29744D491B4B}.Debug|x86.Deploy.0 = Debug|x86
		{87125FF1-9742-468D-A5D0-29744D491B4B}.Release|Any CPU.ActiveCfg = Release|x86
		{87125FF1-9742-468D-A5D0-29744D491B4B}.Release|ARM.ActiveCfg = Release|ARM
		{87125FF1-9742-468D-A5D0-29744D491B4B}.Release|ARM.Build.0 = Release|ARM
		{87125FF1-9742-468D-A5D0-29744D491B4B}.Release|ARM.Deploy.0 = Release|ARM
		{87125FF1-9742-468D-A5D0-29744D491B4B}.Release|iPhone.ActiveCfg = Release|x86
		{87125FF1-9742-468D-A5D0-29744D491B4B}.Release|iPhoneSimulator.ActiveCfg = Release|x86
		{87125FF1-9742-468D-A5D0-29744D491B4B}.Release|x64.ActiveCfg = Release|x64
		{87125FF1-9742-468D-A5D0-29744D491B4B}.Release|x64.Build.0 = Release|x64
		{87125FF1-9742-468D-A5D0-29744D491B4B}.Release|x64.Deploy.0 = Release|x64
		{87125FF1-9742-468D-A5D0-29744D491B4B}.Release|x86.ActiveCfg = Release|x86
		{87125FF1-9742-468D-A5D0-29744D491B4B}.Release|x86.Build.0 = Release|x86
		{87125FF1-9742-468D-A5D0-29744D491B4B}.Release|x86.Deploy.0 = Release|x86
		{0B7DA28A-4E41-4701-A4CB-40C03550AB07}.Ad-Hoc|Any CPU.ActiveCfg = Release|Any CPU
		{0B7DA28A-4E41-4701-A4CB-40C03550AB07}.Ad-Hoc|Any CPU.Build.0 = Release|Any CPU
		{0B7DA28A-4E41-4701-A4CB-40C03550AB07}.Ad-Hoc|Any CPU.Deploy.0 = Release|Any CPU
		{0B7DA28A-4E41-4701-A4CB-40C03550AB07}.Ad-Hoc|ARM.ActiveCfg = Release|ARM
		{0B7DA28A-4E41-4701-A4CB-40C03550AB07}.Ad-Hoc|ARM.Build.0 = Release|ARM
		{0B7DA28A-4E41-4701-A4CB-40C03550AB07}.Ad-Hoc|ARM.Deploy.0 = Release|ARM
		{0B7DA28A-4E41-4701-A4CB-40C03550AB07}.Ad-Hoc|iPhone.ActiveCfg = Release|Any CPU
		{0B7DA28A-4E41-4701-A4CB-40C03550AB07}.Ad-Hoc|iPhone.Build.0 = Release|Any CPU
		{0B7DA28A-4E41-4701-A4CB-40C03550AB07}.Ad-Hoc|iPhone.Deploy.0 = Release|Any CPU
		{0B7DA28A-4E41-4701-A4CB-40C03550AB07}.Ad-Hoc|iPhoneSimulator.ActiveCfg = Release|Any CPU
		{0B7DA28A-4E41-4701-A4CB-40C03550AB07}.Ad-Hoc|iPhoneSimulator.Build.0 = Release|Any CPU
		{0B7DA28A-4E41-4701-A4CB-40C03550AB07}.Ad-Hoc|iPhoneSimulator.Deploy.0 = Release|Any CPU
		{0B7DA28A-4E41-4701-A4CB-40C03550AB07}.Ad-Hoc|x64.ActiveCfg = Release|x64
		{0B7DA28A-4E41-4701-A4CB-40C03550AB07}.Ad-Hoc|x64.Build.0 = Release|x64
		{0B7DA28A-4E41-4701-A4CB-40C03550AB07}.Ad-Hoc|x64.Deploy.0 = Release|x64
		{0B7DA28A-4E41-4701-A4CB-40C03550AB07}.Ad-Hoc|x86.ActiveCfg = Release|x86
		{0B7DA28A-4E41-4701-A4CB-40C03550AB07}.Ad-Hoc|x86.Build.0 = Release|x86
		{0B7DA28A-4E41-4701-A4CB-40C03550AB07}.Ad-Hoc|x86.Deploy.0 = Release|x86
		{0B7DA28A-4E41-4701-A4CB-40C03550AB07}.AppStore|Any CPU.ActiveCfg = Release|Any CPU
		{0B7DA28A-4E41-4701-A4CB-40C03550AB07}.AppStore|Any CPU.Build.0 = Release|Any CPU
		{0B7DA28A-4E41-4701-A4CB-40C03550AB07}.AppStore|Any CPU.Deploy.0 = Release|Any CPU
		{0B7DA28A-4E41-4701-A4CB-40C03550AB07}.AppStore|ARM.ActiveCfg = Release|ARM
		{0B7DA28A-4E41-4701-A4CB-40C03550AB07}.AppStore|ARM.Build.0 = Release|ARM
		{0B7DA28A-4E41-4701-A4CB-40C03550AB07}.AppStore|ARM.Deploy.0 = Release|ARM
		{0B7DA28A-4E41-4701-A4CB-40C03550AB07}.AppStore|iPhone.ActiveCfg = Release|Any CPU
		{0B7DA28A-4E41-4701-A4CB-40C03550AB07}.AppStore|iPhone.Build.0 = Release|Any CPU
		{0B7DA28A-4E41-4701-A4CB-40C03550AB07}.AppStore|iPhone.Deploy.0 = Release|Any CPU
		{0B7DA28A-4E41-4701-A4CB-40C03550AB07}.AppStore|iPhoneSimulator.ActiveCfg = Release|Any CPU
		{0B7DA28A-4E41-4701-A4CB-40C03550AB07}.AppStore|iPhoneSimulator.Build.0 = Release|Any CPU
		{0B7DA28A-4E41-4701-A4CB-40C03550AB07}.AppStore|iPhoneSimulator.Deploy.0 = Release|Any CPU
		{0B7DA28A-4E41-4701-A4CB-40C03550AB07}.AppStore|x64.ActiveCfg = Release|x64
		{0B7DA28A-4E41-4701-A4CB-40C03550AB07}.AppStore|x64.Build.0 = Release|x64
		{0B7DA28A-4E41-4701-A4CB-40C03550AB07}.AppStore|x64.Deploy.0 = Release|x64
		{0B7DA28A-4E41-4701-A4CB-40C03550AB07}.AppStore|x86.ActiveCfg = Release|x86
		{0B7DA28A-4E41-4701-A4CB-40C03550AB07}.AppStore|x86.Build.0 = Release|x86
		{0B7DA28A-4E41-4701-A4CB-40C03550AB07}.AppStore|x86.Deploy.0 = Release|x86
		{0B7DA28A-4E41-4701-A4CB-40C03550AB07}.Debug|Any CPU.ActiveCfg = Debug|Any CPU
		{0B7DA28A-4E41-4701-A4CB-40C03550AB07}.Debug|Any CPU.Build.0 = Debug|Any CPU
		{0B7DA28A-4E41-4701-A4CB-40C03550AB07}.Debug|Any CPU.Deploy.0 = Debug|Any CPU
		{0B7DA28A-4E41-4701-A4CB-40C03550AB07}.Debug|ARM.ActiveCfg = Debug|ARM
		{0B7DA28A-4E41-4701-A4CB-40C03550AB07}.Debug|ARM.Build.0 = Debug|ARM
		{0B7DA28A-4E41-4701-A4CB-40C03550AB07}.Debug|ARM.Deploy.0 = Debug|ARM
		{0B7DA28A-4E41-4701-A4CB-40C03550AB07}.Debug|iPhone.ActiveCfg = Debug|Any CPU
		{0B7DA28A-4E41-4701-A4CB-40C03550AB07}.Debug|iPhone.Build.0 = Debug|Any CPU
		{0B7DA28A-4E41-4701-A4CB-40C03550AB07}.Debug|iPhone.Deploy.0 = Debug|Any CPU
		{0B7DA28A-4E41-4701-A4CB-40C03550AB07}.Debug|iPhoneSimulator.ActiveCfg = Debug|Any CPU
		{0B7DA28A-4E41-4701-A4CB-40C03550AB07}.Debug|iPhoneSimulator.Build.0 = Debug|Any CPU
		{0B7DA28A-4E41-4701-A4CB-40C03550AB07}.Debug|iPhoneSimulator.Deploy.0 = Debug|Any CPU
		{0B7DA28A-4E41-4701-A4CB-40C03550AB07}.Debug|x64.ActiveCfg = Debug|x64
		{0B7DA28A-4E41-4701-A4CB-40C03550AB07}.Debug|x64.Build.0 = Debug|x64
		{0B7DA28A-4E41-4701-A4CB-40C03550AB07}.Debug|x64.Deploy.0 = Debug|x64
		{0B7DA28A-4E41-4701-A4CB-40C03550AB07}.Debug|x86.ActiveCfg = Debug|x86
		{0B7DA28A-4E41-4701-A4CB-40C03550AB07}.Debug|x86.Build.0 = Debug|x86
		{0B7DA28A-4E41-4701-A4CB-40C03550AB07}.Debug|x86.Deploy.0 = Debug|x86
		{0B7DA28A-4E41-4701-A4CB-40C03550AB07}.Release|Any CPU.ActiveCfg = Release|Any CPU
		{0B7DA28A-4E41-4701-A4CB-40C03550AB07}.Release|Any CPU.Build.0 = Release|Any CPU
		{0B7DA28A-4E41-4701-A4CB-40C03550AB07}.Release|Any CPU.Deploy.0 = Release|Any CPU
		{0B7DA28A-4E41-4701-A4CB-40C03550AB07}.Release|ARM.ActiveCfg = Release|ARM
		{0B7DA28A-4E41-4701-A4CB-40C03550AB07}.Release|ARM.Build.0 = Release|ARM
		{0B7DA28A-4E41-4701-A4CB-40C03550AB07}.Release|ARM.Deploy.0 = Release|ARM
		{0B7DA28A-4E41-4701-A4CB-40C03550AB07}.Release|iPhone.ActiveCfg = Release|Any CPU
		{0B7DA28A-4E41-4701-A4CB-40C03550AB07}.Release|iPhone.Build.0 = Release|Any CPU
		{0B7DA28A-4E41-4701-A4CB-40C03550AB07}.Release|iPhone.Deploy.0 = Release|Any CPU
		{0B7DA28A-4E41-4701-A4CB-40C03550AB07}.Release|iPhoneSimulator.ActiveCfg = Release|Any CPU
		{0B7DA28A-4E41-4701-A4CB-40C03550AB07}.Release|iPhoneSimulator.Build.0 = Release|Any CPU
		{0B7DA28A-4E41-4701-A4CB-40C03550AB07}.Release|iPhoneSimulator.Deploy.0 = Release|Any CPU
		{0B7DA28A-4E41-4701-A4CB-40C03550AB07}.Release|x64.ActiveCfg = Release|x64
		{0B7DA28A-4E41-4701-A4CB-40C03550AB07}.Release|x64.Build.0 = Release|x64
		{0B7DA28A-4E41-4701-A4CB-40C03550AB07}.Release|x64.Deploy.0 = Release|x64
		{0B7DA28A-4E41-4701-A4CB-40C03550AB07}.Release|x86.ActiveCfg = Release|x86
		{0B7DA28A-4E41-4701-A4CB-40C03550AB07}.Release|x86.Build.0 = Release|x86
		{0B7DA28A-4E41-4701-A4CB-40C03550AB07}.Release|x86.Deploy.0 = Release|x86
		{070C150E-602C-4F89-BED6-D8773CCA6B17}.Ad-Hoc|Any CPU.ActiveCfg = Release|Any CPU
		{070C150E-602C-4F89-BED6-D8773CCA6B17}.Ad-Hoc|Any CPU.Build.0 = Release|Any CPU
		{070C150E-602C-4F89-BED6-D8773CCA6B17}.Ad-Hoc|ARM.ActiveCfg = Release|Any CPU
		{070C150E-602C-4F89-BED6-D8773CCA6B17}.Ad-Hoc|ARM.Build.0 = Release|Any CPU
		{070C150E-602C-4F89-BED6-D8773CCA6B17}.Ad-Hoc|iPhone.ActiveCfg = Release|Any CPU
		{070C150E-602C-4F89-BED6-D8773CCA6B17}.Ad-Hoc|iPhone.Build.0 = Release|Any CPU
		{070C150E-602C-4F89-BED6-D8773CCA6B17}.Ad-Hoc|iPhoneSimulator.ActiveCfg = Release|Any CPU
		{070C150E-602C-4F89-BED6-D8773CCA6B17}.Ad-Hoc|iPhoneSimulator.Build.0 = Release|Any CPU
		{070C150E-602C-4F89-BED6-D8773CCA6B17}.Ad-Hoc|x64.ActiveCfg = Release|Any CPU
		{070C150E-602C-4F89-BED6-D8773CCA6B17}.Ad-Hoc|x64.Build.0 = Release|Any CPU
		{070C150E-602C-4F89-BED6-D8773CCA6B17}.Ad-Hoc|x86.ActiveCfg = Release|Any CPU
		{070C150E-602C-4F89-BED6-D8773CCA6B17}.Ad-Hoc|x86.Build.0 = Release|Any CPU
		{070C150E-602C-4F89-BED6-D8773CCA6B17}.AppStore|Any CPU.ActiveCfg = Release|Any CPU
		{070C150E-602C-4F89-BED6-D8773CCA6B17}.AppStore|Any CPU.Build.0 = Release|Any CPU
		{070C150E-602C-4F89-BED6-D8773CCA6B17}.AppStore|ARM.ActiveCfg = Release|Any CPU
		{070C150E-602C-4F89-BED6-D8773CCA6B17}.AppStore|ARM.Build.0 = Release|Any CPU
		{070C150E-602C-4F89-BED6-D8773CCA6B17}.AppStore|iPhone.ActiveCfg = Release|Any CPU
		{070C150E-602C-4F89-BED6-D8773CCA6B17}.AppStore|iPhone.Build.0 = Release|Any CPU
		{070C150E-602C-4F89-BED6-D8773CCA6B17}.AppStore|iPhoneSimulator.ActiveCfg = Release|Any CPU
		{070C150E-602C-4F89-BED6-D8773CCA6B17}.AppStore|iPhoneSimulator.Build.0 = Release|Any CPU
		{070C150E-602C-4F89-BED6-D8773CCA6B17}.AppStore|x64.ActiveCfg = Release|Any CPU
		{070C150E-602C-4F89-BED6-D8773CCA6B17}.AppStore|x64.Build.0 = Release|Any CPU
		{070C150E-602C-4F89-BED6-D8773CCA6B17}.AppStore|x86.ActiveCfg = Release|Any CPU
		{070C150E-602C-4F89-BED6-D8773CCA6B17}.AppStore|x86.Build.0 = Release|Any CPU
		{070C150E-602C-4F89-BED6-D8773CCA6B17}.Debug|Any CPU.ActiveCfg = Debug|Any CPU
		{070C150E-602C-4F89-BED6-D8773CCA6B17}.Debug|Any CPU.Build.0 = Debug|Any CPU
		{070C150E-602C-4F89-BED6-D8773CCA6B17}.Debug|ARM.ActiveCfg = Debug|Any CPU
		{070C150E-602C-4F89-BED6-D8773CCA6B17}.Debug|ARM.Build.0 = Debug|Any CPU
		{070C150E-602C-4F89-BED6-D8773CCA6B17}.Debug|iPhone.ActiveCfg = Debug|Any CPU
		{070C150E-602C-4F89-BED6-D8773CCA6B17}.Debug|iPhone.Build.0 = Debug|Any CPU
		{070C150E-602C-4F89-BED6-D8773CCA6B17}.Debug|iPhoneSimulator.ActiveCfg = Debug|Any CPU
		{070C150E-602C-4F89-BED6-D8773CCA6B17}.Debug|iPhoneSimulator.Build.0 = Debug|Any CPU
		{070C150E-602C-4F89-BED6-D8773CCA6B17}.Debug|x64.ActiveCfg = Debug|Any CPU
		{070C150E-602C-4F89-BED6-D8773CCA6B17}.Debug|x64.Build.0 = Debug|Any CPU
		{070C150E-602C-4F89-BED6-D8773CCA6B17}.Debug|x86.ActiveCfg = Debug|Any CPU
		{070C150E-602C-4F89-BED6-D8773CCA6B17}.Debug|x86.Build.0 = Debug|Any CPU
		{070C150E-602C-4F89-BED6-D8773CCA6B17}.Release|Any CPU.ActiveCfg = Release|Any CPU
		{070C150E-602C-4F89-BED6-D8773CCA6B17}.Release|Any CPU.Build.0 = Release|Any CPU
		{070C150E-602C-4F89-BED6-D8773CCA6B17}.Release|ARM.ActiveCfg = Release|Any CPU
		{070C150E-602C-4F89-BED6-D8773CCA6B17}.Release|ARM.Build.0 = Release|Any CPU
		{070C150E-602C-4F89-BED6-D8773CCA6B17}.Release|iPhone.ActiveCfg = Release|Any CPU
		{070C150E-602C-4F89-BED6-D8773CCA6B17}.Release|iPhone.Build.0 = Release|Any CPU
		{070C150E-602C-4F89-BED6-D8773CCA6B17}.Release|iPhoneSimulator.ActiveCfg = Release|Any CPU
		{070C150E-602C-4F89-BED6-D8773CCA6B17}.Release|iPhoneSimulator.Build.0 = Release|Any CPU
		{070C150E-602C-4F89-BED6-D8773CCA6B17}.Release|x64.ActiveCfg = Release|Any CPU
		{070C150E-602C-4F89-BED6-D8773CCA6B17}.Release|x64.Build.0 = Release|Any CPU
		{070C150E-602C-4F89-BED6-D8773CCA6B17}.Release|x86.ActiveCfg = Release|Any CPU
		{070C150E-602C-4F89-BED6-D8773CCA6B17}.Release|x86.Build.0 = Release|Any CPU
	EndGlobalSection
	GlobalSection(SolutionProperties) = preSolution
		HideSolutionNode = FALSE
	EndGlobalSection
EndGlobal
