
Microsoft Visual Studio Solution File, Format Version 12.00
# Visual Studio 14
VisualStudioVersion = 14.0.25123.0
MinimumVisualStudioVersion = 10.0.40219.1
Project("{FAE04EC0-301F-11D3-BF4B-00C04F79EFBC}") = "RiseSharp.Core", "RiseSharp.Core\RiseSharp.Core.csproj", "{FE0E76B4-D3C6-4A72-BE81-2CA1F34DE835}"
EndProject
Project("{FAE04EC0-301F-11D3-BF4B-00C04F79EFBC}") = "Chaos.NaCl.PCL", "Chaos.NaCl.PCL\Chaos.NaCl.PCL.csproj", "{56A46349-EF5A-48AC-A6F0-CA00319F6014}"
EndProject
Project("{FAE04EC0-301F-11D3-BF4B-00C04F79EFBC}") = "RiseSharp.Tests", "RiseSharp.Tests\RiseSharp.Tests.csproj", "{4043C7C1-D381-4B94-B1DC-05A2018ED95B}"
EndProject
Global
	GlobalSection(SolutionConfigurationPlatforms) = preSolution
		Debug|Any CPU = Debug|Any CPU
		Release|Any CPU = Release|Any CPU
	EndGlobalSection
	GlobalSection(ProjectConfigurationPlatforms) = postSolution
		{FE0E76B4-D3C6-4A72-BE81-2CA1F34DE835}.Debug|Any CPU.ActiveCfg = Debug|Any CPU
		{FE0E76B4-D3C6-4A72-BE81-2CA1F34DE835}.Debug|Any CPU.Build.0 = Debug|Any CPU
		{FE0E76B4-D3C6-4A72-BE81-2CA1F34DE835}.Release|Any CPU.ActiveCfg = Release|Any CPU
		{FE0E76B4-D3C6-4A72-BE81-2CA1F34DE835}.Release|Any CPU.Build.0 = Release|Any CPU
		{56A46349-EF5A-48AC-A6F0-CA00319F6014}.Debug|Any CPU.ActiveCfg = Debug|Any CPU
		{56A46349-EF5A-48AC-A6F0-CA00319F6014}.Debug|Any CPU.Build.0 = Debug|Any CPU
		{56A46349-EF5A-48AC-A6F0-CA00319F6014}.Release|Any CPU.ActiveCfg = Release|Any CPU
		{56A46349-EF5A-48AC-A6F0-CA00319F6014}.Release|Any CPU.Build.0 = Release|Any CPU
		{4043C7C1-D381-4B94-B1DC-05A2018ED95B}.Debug|Any CPU.ActiveCfg = Debug|Any CPU
		{4043C7C1-D381-4B94-B1DC-05A2018ED95B}.Debug|Any CPU.Build.0 = Debug|Any CPU
		{4043C7C1-D381-4B94-B1DC-05A2018ED95B}.Release|Any CPU.ActiveCfg = Release|Any CPU
		{4043C7C1-D381-4B94-B1DC-05A2018ED95B}.Release|Any CPU.Build.0 = Release|Any CPU
	EndGlobalSection
	GlobalSection(SolutionProperties) = preSolution
		HideSolutionNode = FALSE
	EndGlobalSection
EndGlobal
